PODS:
  - Apollo (0.8.0):
    - Apollo/Core (= 0.8.0)
  - Apollo/Core (0.8.0)
  - Realm (3.7.4):
    - Realm/Headers (= 3.7.4)
  - Realm/Headers (3.7.4)
  - RealmSwift (3.7.4):
    - Realm (= 3.7.4)

DEPENDENCIES:
  - Apollo (~> 0.8.0)
  - RealmSwift

SPEC REPOS:
  https://github.com/cocoapods/specs.git:
    - Apollo
    - Realm
    - RealmSwift

SPEC CHECKSUMS:
  Apollo: 66e0f52289551545adb7ecdd994e713fdbae26eb
  Realm: a469bb59e33f9926102ccaea4349822c53b9117e
  RealmSwift: a45861b21c180f5cf0f122144b9759fa8dde3e9e

PODFILE CHECKSUM: 65c9d7405adaff0fe5d82c047b553e3a2bb9ccf2

COCOAPODS: 1.5.3
